
Microsoft Visual Studio Solution File, Format Version 12.00
# Visual Studio 2012
Project("{8BC9CEB8-8B4A-11D0-8D11-00A0C91BC942}") = "Test", "Test\Test.vcxproj", "{A0D2D2AD-CD70-43DB-86D1-B3079F8A9677}"
EndProject
Global
	GlobalSection(SolutionConfigurationPlatforms) = preSolution
		Debug|Win32 = Debug|Win32
		Release|Win32 = Release|Win32
	EndGlobalSection
	GlobalSection(ProjectConfigurationPlatforms) = postSolution
		{A0D2D2AD-CD70-43DB-86D1-B3079F8A9677}.Debug|Win32.ActiveCfg = Debug|Win32
		{A0D2D2AD-CD70-43DB-86D1-B3079F8A9677}.Debug|Win32.Build.0 = Debug|Win32
		{A0D2D2AD-CD70-43DB-86D1-B3079F8A9677}.Release|Win32.ActiveCfg = Release|Win32
		{A0D2D2AD-CD70-43DB-86D1-B3079F8A9677}.Release|Win32.Build.0 = Release|Win32
	EndGlobalSection
	GlobalSection(SolutionProperties) = preSolution
		HideSolutionNode = FALSE
	EndGlobalSection
EndGlobal
